
Microsoft Visual Studio Solution File, Format Version 12.00
Project("{2150E333-8FDC-42A3-9474-1A3956D46DE8}") = "Solution Items", "Solution Items", "{1541EB01-DE72-4708-9F27-2BB89B31A624}"
	ProjectSection(SolutionItems) = preProject
		compose.yaml = compose.yaml
	EndProjectSection
EndProject
Project("{FAE04EC0-301F-11D3-BF4B-00C04F79EFBC}") = "OidcOauthServer", "OidcOauthServer\OidcOauthServer.csproj", "{E0F5636A-4D67-4C37-B01C-FF072A74F439}"
EndProject
Project("{FAE04EC0-301F-11D3-BF4B-00C04F79EFBC}") = "WebClientMvc", "WebClientMvc\WebClientMvc.csproj", "{D80A3D51-B02C-40B1-ADE0-C2D11AED9161}"
EndProject
Project("{FAE04EC0-301F-11D3-BF4B-00C04F79EFBC}") = "WebClientBankingBlazorWasm", "WebClientBankingBlazorWasm\WebClientBankingBlazorWasm.csproj", "{6E0A2FA7-5373-480D-9E44-7CF5817A7B45}"
EndProject
Project("{FAE04EC0-301F-11D3-BF4B-00C04F79EFBC}") = "WebClientBankingBlazorSSR", "WebClientBankingBlazorSSR\WebClientBankingBlazorSSR.csproj", "{2BD11188-64AB-4ADB-8628-9D10EF774EC9}"
EndProject
Global
	GlobalSection(SolutionConfigurationPlatforms) = preSolution
		Debug|Any CPU = Debug|Any CPU
		Release|Any CPU = Release|Any CPU
	EndGlobalSection
	GlobalSection(ProjectConfigurationPlatforms) = postSolution
		{E0F5636A-4D67-4C37-B01C-FF072A74F439}.Debug|Any CPU.ActiveCfg = Debug|Any CPU
		{E0F5636A-4D67-4C37-B01C-FF072A74F439}.Debug|Any CPU.Build.0 = Debug|Any CPU
		{E0F5636A-4D67-4C37-B01C-FF072A74F439}.Release|Any CPU.ActiveCfg = Release|Any CPU
		{E0F5636A-4D67-4C37-B01C-FF072A74F439}.Release|Any CPU.Build.0 = Release|Any CPU
		{D80A3D51-B02C-40B1-ADE0-C2D11AED9161}.Debug|Any CPU.ActiveCfg = Debug|Any CPU
		{D80A3D51-B02C-40B1-ADE0-C2D11AED9161}.Debug|Any CPU.Build.0 = Debug|Any CPU
		{D80A3D51-B02C-40B1-ADE0-C2D11AED9161}.Release|Any CPU.ActiveCfg = Release|Any CPU
		{D80A3D51-B02C-40B1-ADE0-C2D11AED9161}.Release|Any CPU.Build.0 = Release|Any CPU
		{6E0A2FA7-5373-480D-9E44-7CF5817A7B45}.Debug|Any CPU.ActiveCfg = Debug|Any CPU
		{6E0A2FA7-5373-480D-9E44-7CF5817A7B45}.Debug|Any CPU.Build.0 = Debug|Any CPU
		{6E0A2FA7-5373-480D-9E44-7CF5817A7B45}.Release|Any CPU.ActiveCfg = Release|Any CPU
		{6E0A2FA7-5373-480D-9E44-7CF5817A7B45}.Release|Any CPU.Build.0 = Release|Any CPU
		{2BD11188-64AB-4ADB-8628-9D10EF774EC9}.Debug|Any CPU.ActiveCfg = Debug|Any CPU
		{2BD11188-64AB-4ADB-8628-9D10EF774EC9}.Debug|Any CPU.Build.0 = Debug|Any CPU
		{2BD11188-64AB-4ADB-8628-9D10EF774EC9}.Release|Any CPU.ActiveCfg = Release|Any CPU
		{2BD11188-64AB-4ADB-8628-9D10EF774EC9}.Release|Any CPU.Build.0 = Release|Any CPU
	EndGlobalSection
EndGlobal
